
Microsoft Visual Studio Solution File, Format Version 12.00
# Visual Studio Version 17
VisualStudioVersion = 17.4.33103.184
MinimumVisualStudioVersion = 10.0.40219.1
Project("{FAE04EC0-301F-11D3-BF4B-00C04F79EFBC}") = "Module4ModuleTask", "Module4ModuleTask\Module4ModuleTask.csproj", "{7106A963-4294-4F26-AD30-24F0AD412FEA}"
EndProject
Global
	GlobalSection(SolutionConfigurationPlatforms) = preSolution
		Debug|Any CPU = Debug|Any CPU
		Release|Any CPU = Release|Any CPU
	EndGlobalSection
	GlobalSection(ProjectConfigurationPlatforms) = postSolution
		{7106A963-4294-4F26-AD30-24F0AD412FEA}.Debug|Any CPU.ActiveCfg = Debug|Any CPU
		{7106A963-4294-4F26-AD30-24F0AD412FEA}.Debug|Any CPU.Build.0 = Debug|Any CPU
		{7106A963-4294-4F26-AD30-24F0AD412FEA}.Release|Any CPU.ActiveCfg = Release|Any CPU
		{7106A963-4294-4F26-AD30-24F0AD412FEA}.Release|Any CPU.Build.0 = Release|Any CPU
	EndGlobalSection
	GlobalSection(SolutionProperties) = preSolution
		HideSolutionNode = FALSE
	EndGlobalSection
	GlobalSection(ExtensibilityGlobals) = postSolution
		SolutionGuid = {C7BF8863-66B0-4E81-BB5C-07012E9BA2BA}
	EndGlobalSection
EndGlobal
